
Microsoft Visual Studio Solution File, Format Version 12.00
# Visual Studio Version 16
VisualStudioVersion = 16.0.29215.179
MinimumVisualStudioVersion = 10.0.40219.1
Project("{FAE04EC0-301F-11D3-BF4B-00C04F79EFBC}") = "PASSCloudWebApi", "PASSCloudWebApi\PASSCloudWebApi.csproj", "{A293BF15-77B9-499C-9A37-180203751DE1}"
EndProject
Global
	GlobalSection(SolutionConfigurationPlatforms) = preSolution
		Debug|Any CPU = Debug|Any CPU
		Release|Any CPU = Release|Any CPU
	EndGlobalSection
	GlobalSection(ProjectConfigurationPlatforms) = postSolution
		{A293BF15-77B9-499C-9A37-180203751DE1}.Debug|Any CPU.ActiveCfg = Debug|Any CPU
		{A293BF15-77B9-499C-9A37-180203751DE1}.Debug|Any CPU.Build.0 = Debug|Any CPU
		{A293BF15-77B9-499C-9A37-180203751DE1}.Release|Any CPU.ActiveCfg = Release|Any CPU
		{A293BF15-77B9-499C-9A37-180203751DE1}.Release|Any CPU.Build.0 = Release|Any CPU
	EndGlobalSection
	GlobalSection(SolutionProperties) = preSolution
		HideSolutionNode = FALSE
	EndGlobalSection
	GlobalSection(ExtensibilityGlobals) = postSolution
		SolutionGuid = {BC44D991-EBC4-4CB3-99BD-82A6F522B0C7}
	EndGlobalSection
EndGlobal
